{
  "name": "joking",
  "lockfileVersion": 2,
  "requires": true,
  "packages": {
    "": {
      "dependencies": {
        "home": "^2.0.0"
      }
    },
    "node_modules/home": {
      "version": "2.0.0",
      "resolved": "https://registry.npmjs.org/home/-/home-2.0.0.tgz",
      "integrity": "sha512-6wvQwTg0mSdr6bavsZxrbugtG+Srbhd4ZWaM2rP32opT0KEIuHbXN7RKdJ/i9UEJMwVNgZViUTkBF98pfMzEsA==",
      "engines": {
        "node": ">=5.12.0"
      }
    }
  },
  "dependencies": {
    "home": {
      "version": "2.0.0",
      "resolved": "https://registry.npmjs.org/home/-/home-2.0.0.tgz",
      "integrity": "sha512-6wvQwTg0mSdr6bavsZxrbugtG+Srbhd4ZWaM2rP32opT0KEIuHbXN7RKdJ/i9UEJMwVNgZViUTkBF98pfMzEsA=="
    }
  }
}
